
Microsoft Visual Studio Solution File, Format Version 12.00
# Visual Studio Version 16
VisualStudioVersion = 16.0.29609.76
MinimumVisualStudioVersion = 10.0.40219.1
Project("{FAE04EC0-301F-11D3-BF4B-00C04F79EFBC}") = "TextProcessor", "TextProcessor\TextProcessor.csproj", "{34218CC6-F236-4588-ABF1-B0020EE80513}"
EndProject
Global
	GlobalSection(SolutionConfigurationPlatforms) = preSolution
		Debug|Any CPU = Debug|Any CPU
		Release|Any CPU = Release|Any CPU
	EndGlobalSection
	GlobalSection(ProjectConfigurationPlatforms) = postSolution
		{34218CC6-F236-4588-ABF1-B0020EE80513}.Debug|Any CPU.ActiveCfg = Debug|Any CPU
		{34218CC6-F236-4588-ABF1-B0020EE80513}.Debug|Any CPU.Build.0 = Debug|Any CPU
		{34218CC6-F236-4588-ABF1-B0020EE80513}.Release|Any CPU.ActiveCfg = Release|Any CPU
		{34218CC6-F236-4588-ABF1-B0020EE80513}.Release|Any CPU.Build.0 = Release|Any CPU
	EndGlobalSection
	GlobalSection(SolutionProperties) = preSolution
		HideSolutionNode = FALSE
	EndGlobalSection
	GlobalSection(ExtensibilityGlobals) = postSolution
		SolutionGuid = {2BB9CC4F-CB8B-4C1C-8B34-96D4987089DC}
	EndGlobalSection
EndGlobal
